
Microsoft Visual Studio Solution File, Format Version 12.00
# Visual Studio Version 16
VisualStudioVersion = 16.0.30128.74
MinimumVisualStudioVersion = 10.0.40219.1
Project("{9A19103F-16F7-4668-BE54-9A1E7A4F7556}") = "VPlati", "VPlati\VPlati.csproj", "{D44238B7-F0A9-467B-AD2C-D094348AD888}"
EndProject
Project("{9A19103F-16F7-4668-BE54-9A1E7A4F7556}") = "VPlatiComponents", "VPlatiComponents\VPlatiComponents.csproj", "{8A5F0BAB-4649-4519-AC57-747B09769CE7}"
EndProject
Global
	GlobalSection(SolutionConfigurationPlatforms) = preSolution
		Debug|Any CPU = Debug|Any CPU
		Release|Any CPU = Release|Any CPU
	EndGlobalSection
	GlobalSection(ProjectConfigurationPlatforms) = postSolution
		{D44238B7-F0A9-467B-AD2C-D094348AD888}.Debug|Any CPU.ActiveCfg = Debug|Any CPU
		{D44238B7-F0A9-467B-AD2C-D094348AD888}.Debug|Any CPU.Build.0 = Debug|Any CPU
		{D44238B7-F0A9-467B-AD2C-D094348AD888}.Release|Any CPU.ActiveCfg = Release|Any CPU
		{D44238B7-F0A9-467B-AD2C-D094348AD888}.Release|Any CPU.Build.0 = Release|Any CPU
		{8A5F0BAB-4649-4519-AC57-747B09769CE7}.Debug|Any CPU.ActiveCfg = Debug|Any CPU
		{8A5F0BAB-4649-4519-AC57-747B09769CE7}.Debug|Any CPU.Build.0 = Debug|Any CPU
		{8A5F0BAB-4649-4519-AC57-747B09769CE7}.Release|Any CPU.ActiveCfg = Release|Any CPU
		{8A5F0BAB-4649-4519-AC57-747B09769CE7}.Release|Any CPU.Build.0 = Release|Any CPU
	EndGlobalSection
	GlobalSection(SolutionProperties) = preSolution
		HideSolutionNode = FALSE
	EndGlobalSection
	GlobalSection(ExtensibilityGlobals) = postSolution
		SolutionGuid = {18B79E67-1015-4BCE-A07F-4D793308CD8A}
	EndGlobalSection
EndGlobal
